// !$*UTF8*$!
{
	archiveVersion = 1;
	classes = {
	};
	objectVersion = 56;
	objects = {

/* Begin PBXBuildFile section */
		FE71A1112AAAA79900D9D4BC /* RickAndMortyApp.swift in Sources */ = {isa = PBXBuildFile; fileRef = FE71A1102AAAA79900D9D4BC /* RickAndMortyApp.swift */; };
		FE71A1132AAAA79900D9D4BC /* HomeView.swift in Sources */ = {isa = PBXBuildFile; fileRef = FE71A1122AAAA79900D9D4BC /* HomeView.swift */; };
		FE71A1152AAAA79A00D9D4BC /* Assets.xcassets in Resources */ = {isa = PBXBuildFile; fileRef = FE71A1142AAAA79A00D9D4BC /* Assets.xcassets */; };
		FE71A1182AAAA79A00D9D4BC /* Preview Assets.xcassets in Resources */ = {isa = PBXBuildFile; fileRef = FE71A1172AAAA79A00D9D4BC /* Preview Assets.xcassets */; };
		FE71A11A2AAAA79A00D9D4BC /* Persistence.swift in Sources */ = {isa = PBXBuildFile; fileRef = FE71A1192AAAA79A00D9D4BC /* Persistence.swift */; };
		FE71A11D2AAAA79A00D9D4BC /* RickAndMorty.xcdatamodeld in Sources */ = {isa = PBXBuildFile; fileRef = FE71A11B2AAAA79A00D9D4BC /* RickAndMorty.xcdatamodeld */; };
		FE71A1272AAAA79A00D9D4BC /* RickAndMortyTests.swift in Sources */ = {isa = PBXBuildFile; fileRef = FE71A1262AAAA79A00D9D4BC /* RickAndMortyTests.swift */; };
		FE71A1312AAAA79A00D9D4BC /* RickAndMortyUITests.swift in Sources */ = {isa = PBXBuildFile; fileRef = FE71A1302AAAA79A00D9D4BC /* RickAndMortyUITests.swift */; };
		FE71A1412AAAAA1A00D9D4BC /* Lottie in Frameworks */ = {isa = PBXBuildFile; productRef = FE71A1402AAAAA1A00D9D4BC /* Lottie */; };
		FE71A1442AAAAA5000D9D4BC /* SDWebImageSwiftUI in Frameworks */ = {isa = PBXBuildFile; productRef = FE71A1432AAAAA5000D9D4BC /* SDWebImageSwiftUI */; };
		FE71A1482AAAAC2400D9D4BC /* HomeViewModel.swift in Sources */ = {isa = PBXBuildFile; fileRef = FE71A1472AAAAC2400D9D4BC /* HomeViewModel.swift */; };
		FE71A14B2AAAACDD00D9D4BC /* APIResponse.swift in Sources */ = {isa = PBXBuildFile; fileRef = FE71A14A2AAAACDD00D9D4BC /* APIResponse.swift */; };
		FE71A14D2AAAACFA00D9D4BC /* LoadingStates.swift in Sources */ = {isa = PBXBuildFile; fileRef = FE71A14C2AAAACFA00D9D4BC /* LoadingStates.swift */; };
		FE71A1502AAAAD3500D9D4BC /* Logger.swift in Sources */ = {isa = PBXBuildFile; fileRef = FE71A14F2AAAAD3500D9D4BC /* Logger.swift */; };
		FE71A1542AAAADFE00D9D4BC /* LoadingView.swift in Sources */ = {isa = PBXBuildFile; fileRef = FE71A1532AAAADFE00D9D4BC /* LoadingView.swift */; };
		FE71A1562AAAAE1D00D9D4BC /* LottieView.swift in Sources */ = {isa = PBXBuildFile; fileRef = FE71A1552AAAAE1D00D9D4BC /* LottieView.swift */; };
		FE71A15C2AAAAE6400D9D4BC /* location.json in Resources */ = {isa = PBXBuildFile; fileRef = FE71A1582AAAAE6400D9D4BC /* location.json */; };
		FE71A15D2AAAAE6400D9D4BC /* error.json in Resources */ = {isa = PBXBuildFile; fileRef = FE71A1592AAAAE6400D9D4BC /* error.json */; };
		FE71A15E2AAAAE6400D9D4BC /* success.json in Resources */ = {isa = PBXBuildFile; fileRef = FE71A15A2AAAAE6400D9D4BC /* success.json */; };
		FE71A15F2AAAAE6400D9D4BC /* loading.json in Resources */ = {isa = PBXBuildFile; fileRef = FE71A15B2AAAAE6400D9D4BC /* loading.json */; };
		FE71A1612AAAAED500D9D4BC /* CharacterRowView.swift in Sources */ = {isa = PBXBuildFile; fileRef = FE71A1602AAAAED500D9D4BC /* CharacterRowView.swift */; };
		FE71A1642AAAB05900D9D4BC /* Mocks.swift in Sources */ = {isa = PBXBuildFile; fileRef = FE71A1632AAAB05900D9D4BC /* Mocks.swift */; };
		FEC39A992AAAB199002677FA /* SDWebImageSwiftUI in Frameworks */ = {isa = PBXBuildFile; productRef = FEC39A982AAAB199002677FA /* SDWebImageSwiftUI */; };
		FEC39A9B2AAAB372002677FA /* DetailLabelView.swift in Sources */ = {isa = PBXBuildFile; fileRef = FEC39A9A2AAAB372002677FA /* DetailLabelView.swift */; };
		FEC39A9D2AAAB3A6002677FA /* EmptyLocationView.swift in Sources */ = {isa = PBXBuildFile; fileRef = FEC39A9C2AAAB3A6002677FA /* EmptyLocationView.swift */; };
		FEC39A9F2AAAB4D1002677FA /* LocationView.swift in Sources */ = {isa = PBXBuildFile; fileRef = FEC39A9E2AAAB4D1002677FA /* LocationView.swift */; };
		FEC39AA12AAAB501002677FA /* LocationViewModel.swift in Sources */ = {isa = PBXBuildFile; fileRef = FEC39AA02AAAB501002677FA /* LocationViewModel.swift */; };
		FEC39AA32AAAB595002677FA /* CharacterGridView.swift in Sources */ = {isa = PBXBuildFile; fileRef = FEC39AA22AAAB595002677FA /* CharacterGridView.swift */; };
		FEC39AA52AAAB5B9002677FA /* CharacterItemView.swift in Sources */ = {isa = PBXBuildFile; fileRef = FEC39AA42AAAB5B9002677FA /* CharacterItemView.swift */; };
		FEC39AA72AAAB5E2002677FA /* CharacterViewModel.swift in Sources */ = {isa = PBXBuildFile; fileRef = FEC39AA62AAAB5E2002677FA /* CharacterViewModel.swift */; };
		FEC909E22AAE78780043A455 /* SnapshotTesting in Frameworks */ = {isa = PBXBuildFile; productRef = FEC909E12AAE78780043A455 /* SnapshotTesting */; };
		FEC909E42AAE78920043A455 /* RickAndMortySnapshotTesting.swift in Sources */ = {isa = PBXBuildFile; fileRef = FEC909E32AAE78920043A455 /* RickAndMortySnapshotTesting.swift */; };
/* End PBXBuildFile section */

/* Begin PBXContainerItemProxy section */
		FE71A1232AAAA79A00D9D4BC /* PBXContainerItemProxy */ = {
			isa = PBXContainerItemProxy;
			containerPortal = FE71A1052AAAA79900D9D4BC /* Project object */;
			proxyType = 1;
			remoteGlobalIDString = FE71A10C2AAAA79900D9D4BC;
			remoteInfo = RickAndMorty;
		};
		FE71A12D2AAAA79A00D9D4BC /* PBXContainerItemProxy */ = {
			isa = PBXContainerItemProxy;
			containerPortal = FE71A1052AAAA79900D9D4BC /* Project object */;
			proxyType = 1;
			remoteGlobalIDString = FE71A10C2AAAA79900D9D4BC;
			remoteInfo = RickAndMorty;
		};
/* End PBXContainerItemProxy section */

/* Begin PBXFileReference section */
		FE71A10D2AAAA79900D9D4BC /* RickAndMorty.app */ = {isa = PBXFileReference; explicitFileType = wrapper.application; includeInIndex = 0; path = RickAndMorty.app; sourceTree = BUILT_PRODUCTS_DIR; };
		FE71A1102AAAA79900D9D4BC /* RickAndMortyApp.swift */ = {isa = PBXFileReference; lastKnownFileType = sourcecode.swift; path = RickAndMortyApp.swift; sourceTree = "<group>"; };
		FE71A1122AAAA79900D9D4BC /* HomeView.swift */ = {isa = PBXFileReference; lastKnownFileType = sourcecode.swift; path = HomeView.swift; sourceTree = "<group>"; };
		FE71A1142AAAA79A00D9D4BC /* Assets.xcassets */ = {isa = PBXFileReference; lastKnownFileType = folder.assetcatalog; path = Assets.xcassets; sourceTree = "<group>"; };
		FE71A1172AAAA79A00D9D4BC /* Preview Assets.xcassets */ = {isa = PBXFileReference; lastKnownFileType = folder.assetcatalog; path = "Preview Assets.xcassets"; sourceTree = "<group>"; };
		FE71A1192AAAA79A00D9D4BC /* Persistence.swift */ = {isa = PBXFileReference; lastKnownFileType = sourcecode.swift; path = Persistence.swift; sourceTree = "<group>"; };
		FE71A11C2AAAA79A00D9D4BC /* RickAndMorty.xcdatamodel */ = {isa = PBXFileReference; lastKnownFileType = wrapper.xcdatamodel; path = RickAndMorty.xcdatamodel; sourceTree = "<group>"; };
		FE71A1222AAAA79A00D9D4BC /* RickAndMortyTests.xctest */ = {isa = PBXFileReference; explicitFileType = wrapper.cfbundle; includeInIndex = 0; path = RickAndMortyTests.xctest; sourceTree = BUILT_PRODUCTS_DIR; };
		FE71A1262AAAA79A00D9D4BC /* RickAndMortyTests.swift */ = {isa = PBXFileReference; lastKnownFileType = sourcecode.swift; path = RickAndMortyTests.swift; sourceTree = "<group>"; };
		FE71A12C2AAAA79A00D9D4BC /* RickAndMortyUITests.xctest */ = {isa = PBXFileReference; explicitFileType = wrapper.cfbundle; includeInIndex = 0; path = RickAndMortyUITests.xctest; sourceTree = BUILT_PRODUCTS_DIR; };
		FE71A1302AAAA79A00D9D4BC /* RickAndMortyUITests.swift */ = {isa = PBXFileReference; lastKnownFileType = sourcecode.swift; path = RickAndMortyUITests.swift; sourceTree = "<group>"; };
		FE71A1472AAAAC2400D9D4BC /* HomeViewModel.swift */ = {isa = PBXFileReference; lastKnownFileType = sourcecode.swift; path = HomeViewModel.swift; sourceTree = "<group>"; };
		FE71A14A2AAAACDD00D9D4BC /* APIResponse.swift */ = {isa = PBXFileReference; lastKnownFileType = sourcecode.swift; path = APIResponse.swift; sourceTree = "<group>"; };
		FE71A14C2AAAACFA00D9D4BC /* LoadingStates.swift */ = {isa = PBXFileReference; lastKnownFileType = sourcecode.swift; path = LoadingStates.swift; sourceTree = "<group>"; };
		FE71A14F2AAAAD3500D9D4BC /* Logger.swift */ = {isa = PBXFileReference; lastKnownFileType = sourcecode.swift; path = Logger.swift; sourceTree = "<group>"; };
		FE71A1532AAAADFE00D9D4BC /* LoadingView.swift */ = {isa = PBXFileReference; lastKnownFileType = sourcecode.swift; path = LoadingView.swift; sourceTree = "<group>"; };
		FE71A1552AAAAE1D00D9D4BC /* LottieView.swift */ = {isa = PBXFileReference; lastKnownFileType = sourcecode.swift; path = LottieView.swift; sourceTree = "<group>"; };
		FE71A1582AAAAE6400D9D4BC /* location.json */ = {isa = PBXFileReference; fileEncoding = 4; lastKnownFileType = text.json; path = location.json; sourceTree = "<group>"; };
		FE71A1592AAAAE6400D9D4BC /* error.json */ = {isa = PBXFileReference; fileEncoding = 4; lastKnownFileType = text.json; path = error.json; sourceTree = "<group>"; };
		FE71A15A2AAAAE6400D9D4BC /* success.json */ = {isa = PBXFileReference; fileEncoding = 4; lastKnownFileType = text.json; path = success.json; sourceTree = "<group>"; };
		FE71A15B2AAAAE6400D9D4BC /* loading.json */ = {isa = PBXFileReference; fileEncoding = 4; lastKnownFileType = text.json; path = loading.json; sourceTree = "<group>"; };
		FE71A1602AAAAED500D9D4BC /* CharacterRowView.swift */ = {isa = PBXFileReference; lastKnownFileType = sourcecode.swift; path = CharacterRowView.swift; sourceTree = "<group>"; };
		FE71A1632AAAB05900D9D4BC /* Mocks.swift */ = {isa = PBXFileReference; lastKnownFileType = sourcecode.swift; path = Mocks.swift; sourceTree = "<group>"; };
		FEC39A9A2AAAB372002677FA /* DetailLabelView.swift */ = {isa = PBXFileReference; lastKnownFileType = sourcecode.swift; path = DetailLabelView.swift; sourceTree = "<group>"; };
		FEC39A9C2AAAB3A6002677FA /* EmptyLocationView.swift */ = {isa = PBXFileReference; lastKnownFileType = sourcecode.swift; path = EmptyLocationView.swift; sourceTree = "<group>"; };
		FEC39A9E2AAAB4D1002677FA /* LocationView.swift */ = {isa = PBXFileReference; lastKnownFileType = sourcecode.swift; path = LocationView.swift; sourceTree = "<group>"; };
		FEC39AA02AAAB501002677FA /* LocationViewModel.swift */ = {isa = PBXFileReference; lastKnownFileType = sourcecode.swift; path = LocationViewModel.swift; sourceTree = "<group>"; };
		FEC39AA22AAAB595002677FA /* CharacterGridView.swift */ = {isa = PBXFileReference; lastKnownFileType = sourcecode.swift; path = CharacterGridView.swift; sourceTree = "<group>"; };
		FEC39AA42AAAB5B9002677FA /* CharacterItemView.swift */ = {isa = PBXFileReference; lastKnownFileType = sourcecode.swift; path = CharacterItemView.swift; sourceTree = "<group>"; };
		FEC39AA62AAAB5E2002677FA /* CharacterViewModel.swift */ = {isa = PBXFileReference; lastKnownFileType = sourcecode.swift; path = CharacterViewModel.swift; sourceTree = "<group>"; };
		FEC909E32AAE78920043A455 /* RickAndMortySnapshotTesting.swift */ = {isa = PBXFileReference; lastKnownFileType = sourcecode.swift; path = RickAndMortySnapshotTesting.swift; sourceTree = "<group>"; };
/* End PBXFileReference section */

/* Begin PBXFrameworksBuildPhase section */
		FE71A10A2AAAA79900D9D4BC /* Frameworks */ = {
			isa = PBXFrameworksBuildPhase;
			buildActionMask = 2147483647;
			files = (
				FEC909E22AAE78780043A455 /* SnapshotTesting in Frameworks */,
				FE71A1442AAAAA5000D9D4BC /* SDWebImageSwiftUI in Frameworks */,
				FE71A1412AAAAA1A00D9D4BC /* Lottie in Frameworks */,
			);
			runOnlyForDeploymentPostprocessing = 0;
		};
		FE71A11F2AAAA79A00D9D4BC /* Frameworks */ = {
			isa = PBXFrameworksBuildPhase;
			buildActionMask = 2147483647;
			files = (
				FEC39A992AAAB199002677FA /* SDWebImageSwiftUI in Frameworks */,
			);
			runOnlyForDeploymentPostprocessing = 0;
		};
		FE71A1292AAAA79A00D9D4BC /* Frameworks */ = {
			isa = PBXFrameworksBuildPhase;
			buildActionMask = 2147483647;
			files = (
			);
			runOnlyForDeploymentPostprocessing = 0;
		};
/* End PBXFrameworksBuildPhase section */

/* Begin PBXGroup section */
		FE71A1042AAAA79900D9D4BC = {
			isa = PBXGroup;
			children = (
				FE71A10F2AAAA79900D9D4BC /* RickAndMorty */,
				FE71A1252AAAA79A00D9D4BC /* RickAndMortyTests */,
				FE71A12F2AAAA79A00D9D4BC /* RickAndMortyUITests */,
				FE71A10E2AAAA79900D9D4BC /* Products */,
				FEC39A972AAAB199002677FA /* Frameworks */,
			);
			sourceTree = "<group>";
		};
		FE71A10E2AAAA79900D9D4BC /* Products */ = {
			isa = PBXGroup;
			children = (
				FE71A10D2AAAA79900D9D4BC /* RickAndMorty.app */,
				FE71A1222AAAA79A00D9D4BC /* RickAndMortyTests.xctest */,
				FE71A12C2AAAA79A00D9D4BC /* RickAndMortyUITests.xctest */,
			);
			name = Products;
			sourceTree = "<group>";
		};
		FE71A10F2AAAA79900D9D4BC /* RickAndMorty */ = {
			isa = PBXGroup;
			children = (
				FE71A1102AAAA79900D9D4BC /* RickAndMortyApp.swift */,
				FE71A1492AAAACC700D9D4BC /* Models */,
				FE71A1452AAAAAF200D9D4BC /* Views */,
				FE71A1462AAAABFF00D9D4BC /* ViewModels */,
				FE71A1622AAAAF1200D9D4BC /* CoreData */,
				FE71A14E2AAAAD1E00D9D4BC /* Utils */,
				FE71A1142AAAA79A00D9D4BC /* Assets.xcassets */,
				FE71A1162AAAA79A00D9D4BC /* Preview Content */,
			);
			path = RickAndMorty;
			sourceTree = "<group>";
		};
		FE71A1162AAAA79A00D9D4BC /* Preview Content */ = {
			isa = PBXGroup;
			children = (
				FE71A1172AAAA79A00D9D4BC /* Preview Assets.xcassets */,
			);
			path = "Preview Content";
			sourceTree = "<group>";
		};
		FE71A1252AAAA79A00D9D4BC /* RickAndMortyTests */ = {
			isa = PBXGroup;
			children = (
				FE71A1262AAAA79A00D9D4BC /* RickAndMortyTests.swift */,
			);
			path = RickAndMortyTests;
			sourceTree = "<group>";
		};
		FE71A12F2AAAA79A00D9D4BC /* RickAndMortyUITests */ = {
			isa = PBXGroup;
			children = (
				FE71A1302AAAA79A00D9D4BC /* RickAndMortyUITests.swift */,
				FEC909E32AAE78920043A455 /* RickAndMortySnapshotTesting.swift */,
			);
			path = RickAndMortyUITests;
			sourceTree = "<group>";
		};
		FE71A1452AAAAAF200D9D4BC /* Views */ = {
			isa = PBXGroup;
			children = (
				FE71A1512AAAADEA00D9D4BC /* Components */,
				FE71A1122AAAA79900D9D4BC /* HomeView.swift */,
				FEC39A9E2AAAB4D1002677FA /* LocationView.swift */,
			);
			path = Views;
			sourceTree = "<group>";
		};
		FE71A1462AAAABFF00D9D4BC /* ViewModels */ = {
			isa = PBXGroup;
			children = (
				FE71A1472AAAAC2400D9D4BC /* HomeViewModel.swift */,
				FEC39AA02AAAB501002677FA /* LocationViewModel.swift */,
				FEC39AA62AAAB5E2002677FA /* CharacterViewModel.swift */,
			);
			path = ViewModels;
			sourceTree = "<group>";
		};
		FE71A1492AAAACC700D9D4BC /* Models */ = {
			isa = PBXGroup;
			children = (
				FE71A14A2AAAACDD00D9D4BC /* APIResponse.swift */,
				FE71A14C2AAAACFA00D9D4BC /* LoadingStates.swift */,
			);
			path = Models;
			sourceTree = "<group>";
		};
		FE71A14E2AAAAD1E00D9D4BC /* Utils */ = {
			isa = PBXGroup;
			children = (
				FE71A1572AAAAE3700D9D4BC /* Animations */,
				FE71A14F2AAAAD3500D9D4BC /* Logger.swift */,
				FE71A1632AAAB05900D9D4BC /* Mocks.swift */,
			);
			path = Utils;
			sourceTree = "<group>";
		};
		FE71A1512AAAADEA00D9D4BC /* Components */ = {
			isa = PBXGroup;
			children = (
				FE71A1532AAAADFE00D9D4BC /* LoadingView.swift */,
				FE71A1552AAAAE1D00D9D4BC /* LottieView.swift */,
				FE71A1602AAAAED500D9D4BC /* CharacterRowView.swift */,
				FEC39A9A2AAAB372002677FA /* DetailLabelView.swift */,
				FEC39A9C2AAAB3A6002677FA /* EmptyLocationView.swift */,
				FEC39AA22AAAB595002677FA /* CharacterGridView.swift */,
				FEC39AA42AAAB5B9002677FA /* CharacterItemView.swift */,
			);
			path = Components;
			sourceTree = "<group>";
		};
		FE71A1572AAAAE3700D9D4BC /* Animations */ = {
			isa = PBXGroup;
			children = (
				FE71A1592AAAAE6400D9D4BC /* error.json */,
				FE71A15B2AAAAE6400D9D4BC /* loading.json */,
				FE71A1582AAAAE6400D9D4BC /* location.json */,
				FE71A15A2AAAAE6400D9D4BC /* success.json */,
			);
			path = Animations;
			sourceTree = "<group>";
		};
		FE71A1622AAAAF1200D9D4BC /* CoreData */ = {
			isa = PBXGroup;
			children = (
				FE71A1192AAAA79A00D9D4BC /* Persistence.swift */,
				FE71A11B2AAAA79A00D9D4BC /* RickAndMorty.xcdatamodeld */,
			);
			path = CoreData;
			sourceTree = "<group>";
		};
		FEC39A972AAAB199002677FA /* Frameworks */ = {
			isa = PBXGroup;
			children = (
			);
			name = Frameworks;
			sourceTree = "<group>";
		};
/* End PBXGroup section */

/* Begin PBXNativeTarget section */
		FE71A10C2AAAA79900D9D4BC /* RickAndMorty */ = {
			isa = PBXNativeTarget;
			buildConfigurationList = FE71A1362AAAA79A00D9D4BC /* Build configuration list for PBXNativeTarget "RickAndMorty" */;
			buildPhases = (
				FE71A1092AAAA79900D9D4BC /* Sources */,
				FE71A10A2AAAA79900D9D4BC /* Frameworks */,
				FE71A10B2AAAA79900D9D4BC /* Resources */,
			);
			buildRules = (
			);
			dependencies = (
			);
			name = RickAndMorty;
			packageProductDependencies = (
				FE71A1402AAAAA1A00D9D4BC /* Lottie */,
				FE71A1432AAAAA5000D9D4BC /* SDWebImageSwiftUI */,
				FEC909E12AAE78780043A455 /* SnapshotTesting */,
			);
			productName = RickAndMorty;
			productReference = FE71A10D2AAAA79900D9D4BC /* RickAndMorty.app */;
			productType = "com.apple.product-type.application";
		};
		FE71A1212AAAA79A00D9D4BC /* RickAndMortyTests */ = {
			isa = PBXNativeTarget;
			buildConfigurationList = FE71A1392AAAA79A00D9D4BC /* Build configuration list for PBXNativeTarget "RickAndMortyTests" */;
			buildPhases = (
				FE71A11E2AAAA79A00D9D4BC /* Sources */,
				FE71A11F2AAAA79A00D9D4BC /* Frameworks */,
				FE71A1202AAAA79A00D9D4BC /* Resources */,
			);
			buildRules = (
			);
			dependencies = (
				FE71A1242AAAA79A00D9D4BC /* PBXTargetDependency */,
			);
			name = RickAndMortyTests;
			packageProductDependencies = (
				FEC39A982AAAB199002677FA /* SDWebImageSwiftUI */,
			);
			productName = RickAndMortyTests;
			productReference = FE71A1222AAAA79A00D9D4BC /* RickAndMortyTests.xctest */;
			productType = "com.apple.product-type.bundle.unit-test";
		};
		FE71A12B2AAAA79A00D9D4BC /* RickAndMortyUITests */ = {
			isa = PBXNativeTarget;
			buildConfigurationList = FE71A13C2AAAA79A00D9D4BC /* Build configuration list for PBXNativeTarget "RickAndMortyUITests" */;
			buildPhases = (
				FE71A1282AAAA79A00D9D4BC /* Sources */,
				FE71A1292AAAA79A00D9D4BC /* Frameworks */,
				FE71A12A2AAAA79A00D9D4BC /* Resources */,
			);
			buildRules = (
			);
			dependencies = (
				FE71A12E2AAAA79A00D9D4BC /* PBXTargetDependency */,
			);
			name = RickAndMortyUITests;
			productName = RickAndMortyUITests;
			productReference = FE71A12C2AAAA79A00D9D4BC /* RickAndMortyUITests.xctest */;
			productType = "com.apple.product-type.bundle.ui-testing";
		};
/* End PBXNativeTarget section */

/* Begin PBXProject section */
		FE71A1052AAAA79900D9D4BC /* Project object */ = {
			isa = PBXProject;
			attributes = {
				BuildIndependentTargetsInParallel = 1;
				LastSwiftUpdateCheck = 1430;
				LastUpgradeCheck = 1430;
				TargetAttributes = {
					FE71A10C2AAAA79900D9D4BC = {
						CreatedOnToolsVersion = 14.3.1;
					};
					FE71A1212AAAA79A00D9D4BC = {
						CreatedOnToolsVersion = 14.3.1;
						TestTargetID = FE71A10C2AAAA79900D9D4BC;
					};
					FE71A12B2AAAA79A00D9D4BC = {
						CreatedOnToolsVersion = 14.3.1;
						TestTargetID = FE71A10C2AAAA79900D9D4BC;
					};
				};
			};
			buildConfigurationList = FE71A1082AAAA79900D9D4BC /* Build configuration list for PBXProject "RickAndMorty" */;
			compatibilityVersion = "Xcode 14.0";
			developmentRegion = en;
			hasScannedForEncodings = 0;
			knownRegions = (
				en,
				Base,
			);
			mainGroup = FE71A1042AAAA79900D9D4BC;
			packageReferences = (
				FE71A13F2AAAAA1A00D9D4BC /* XCRemoteSwiftPackageReference "lottie-spm" */,
				FE71A1422AAAAA5000D9D4BC /* XCRemoteSwiftPackageReference "SDWebImageSwiftUI" */,
				FEC909E02AAE78780043A455 /* XCRemoteSwiftPackageReference "swift-snapshot-testing" */,
			);
			productRefGroup = FE71A10E2AAAA79900D9D4BC /* Products */;
			projectDirPath = "";
			projectRoot = "";
			targets = (
				FE71A10C2AAAA79900D9D4BC /* RickAndMorty */,
				FE71A1212AAAA79A00D9D4BC /* RickAndMortyTests */,
				FE71A12B2AAAA79A00D9D4BC /* RickAndMortyUITests */,
			);
		};
/* End PBXProject section */

/* Begin PBXResourcesBuildPhase section */
		FE71A10B2AAAA79900D9D4BC /* Resources */ = {
			isa = PBXResourcesBuildPhase;
			buildActionMask = 2147483647;
			files = (
				FE71A15E2AAAAE6400D9D4BC /* success.json in Resources */,
				FE71A15D2AAAAE6400D9D4BC /* error.json in Resources */,
				FE71A15F2AAAAE6400D9D4BC /* loading.json in Resources */,
				FE71A1182AAAA79A00D9D4BC /* Preview Assets.xcassets in Resources */,
				FE71A15C2AAAAE6400D9D4BC /* location.json in Resources */,
				FE71A1152AAAA79A00D9D4BC /* Assets.xcassets in Resources */,
			);
			runOnlyForDeploymentPostprocessing = 0;
		};
		FE71A1202AAAA79A00D9D4BC /* Resources */ = {
			isa = PBXResourcesBuildPhase;
			buildActionMask = 2147483647;
			files = (
			);
			runOnlyForDeploymentPostprocessing = 0;
		};
		FE71A12A2AAAA79A00D9D4BC /* Resources */ = {
			isa = PBXResourcesBuildPhase;
			buildActionMask = 2147483647;
			files = (
			);
			runOnlyForDeploymentPostprocessing = 0;
		};
/* End PBXResourcesBuildPhase section */

/* Begin PBXSourcesBuildPhase section */
		FE71A1092AAAA79900D9D4BC /* Sources */ = {
			isa = PBXSourcesBuildPhase;
			buildActionMask = 2147483647;
			files = (
				FE71A1612AAAAED500D9D4BC /* CharacterRowView.swift in Sources */,
				FE71A14D2AAAACFA00D9D4BC /* LoadingStates.swift in Sources */,
				FE71A11D2AAAA79A00D9D4BC /* RickAndMorty.xcdatamodeld in Sources */,
				FE71A11A2AAAA79A00D9D4BC /* Persistence.swift in Sources */,
				FE71A1132AAAA79900D9D4BC /* HomeView.swift in Sources */,
				FEC39AA32AAAB595002677FA /* CharacterGridView.swift in Sources */,
				FEC39A9B2AAAB372002677FA /* DetailLabelView.swift in Sources */,
				FE71A1482AAAAC2400D9D4BC /* HomeViewModel.swift in Sources */,
				FEC39AA12AAAB501002677FA /* LocationViewModel.swift in Sources */,
				FEC39A9F2AAAB4D1002677FA /* LocationView.swift in Sources */,
				FEC39AA72AAAB5E2002677FA /* CharacterViewModel.swift in Sources */,
				FEC39A9D2AAAB3A6002677FA /* EmptyLocationView.swift in Sources */,
				FE71A1112AAAA79900D9D4BC /* RickAndMortyApp.swift in Sources */,
				FE71A14B2AAAACDD00D9D4BC /* APIResponse.swift in Sources */,
				FEC39AA52AAAB5B9002677FA /* CharacterItemView.swift in Sources */,
				FE71A1562AAAAE1D00D9D4BC /* LottieView.swift in Sources */,
				FE71A1502AAAAD3500D9D4BC /* Logger.swift in Sources */,
				FE71A1542AAAADFE00D9D4BC /* LoadingView.swift in Sources */,
				FE71A1642AAAB05900D9D4BC /* Mocks.swift in Sources */,
			);
			runOnlyForDeploymentPostprocessing = 0;
		};
		FE71A11E2AAAA79A00D9D4BC /* Sources */ = {
			isa = PBXSourcesBuildPhase;
			buildActionMask = 2147483647;
			files = (
				FE71A1272AAAA79A00D9D4BC /* RickAndMortyTests.swift in Sources */,
			);
			runOnlyForDeploymentPostprocessing = 0;
		};
		FE71A1282AAAA79A00D9D4BC /* Sources */ = {
			isa = PBXSourcesBuildPhase;
			buildActionMask = 2147483647;
			files = (
				FE71A1312AAAA79A00D9D4BC /* RickAndMortyUITests.swift in Sources */,
				FEC909E42AAE78920043A455 /* RickAndMortySnapshotTesting.swift in Sources */,
			);
			runOnlyForDeploymentPostprocessing = 0;
		};
/* End PBXSourcesBuildPhase section */

/* Begin PBXTargetDependency section */
		FE71A1242AAAA79A00D9D4BC /* PBXTargetDependency */ = {
			isa = PBXTargetDependency;
			target = FE71A10C2AAAA79900D9D4BC /* RickAndMorty */;
			targetProxy = FE71A1232AAAA79A00D9D4BC /* PBXContainerItemProxy */;
		};
		FE71A12E2AAAA79A00D9D4BC /* PBXTargetDependency */ = {
			isa = PBXTargetDependency;
			target = FE71A10C2AAAA79900D9D4BC /* RickAndMorty */;
			targetProxy = FE71A12D2AAAA79A00D9D4BC /* PBXContainerItemProxy */;
		};
/* End PBXTargetDependency section */

/* Begin XCBuildConfiguration section */
		FE71A1342AAAA79A00D9D4BC /* Debug */ = {
			isa = XCBuildConfiguration;
			buildSettings = {
				ALWAYS_SEARCH_USER_PATHS = NO;
				CLANG_ANALYZER_NONNULL = YES;
				CLANG_ANALYZER_NUMBER_OBJECT_CONVERSION = YES_AGGRESSIVE;
				CLANG_CXX_LANGUAGE_STANDARD = "gnu++20";
				CLANG_ENABLE_MODULES = YES;
				CLANG_ENABLE_OBJC_ARC = YES;
				CLANG_ENABLE_OBJC_WEAK = YES;
				CLANG_WARN_BLOCK_CAPTURE_AUTORELEASING = YES;
				CLANG_WARN_BOOL_CONVERSION = YES;
				CLANG_WARN_COMMA = YES;
				CLANG_WARN_CONSTANT_CONVERSION = YES;
				CLANG_WARN_DEPRECATED_OBJC_IMPLEMENTATIONS = YES;
				CLANG_WARN_DIRECT_OBJC_ISA_USAGE = YES_ERROR;
				CLANG_WARN_DOCUMENTATION_COMMENTS = YES;
				CLANG_WARN_EMPTY_BODY = YES;
				CLANG_WARN_ENUM_CONVERSION = YES;
				CLANG_WARN_INFINITE_RECURSION = YES;
				CLANG_WARN_INT_CONVERSION = YES;
				CLANG_WARN_NON_LITERAL_NULL_CONVERSION = YES;
				CLANG_WARN_OBJC_IMPLICIT_RETAIN_SELF = YES;
				CLANG_WARN_OBJC_LITERAL_CONVERSION = YES;
				CLANG_WARN_OBJC_ROOT_CLASS = YES_ERROR;
				CLANG_WARN_QUOTED_INCLUDE_IN_FRAMEWORK_HEADER = YES;
				CLANG_WARN_RANGE_LOOP_ANALYSIS = YES;
				CLANG_WARN_STRICT_PROTOTYPES = YES;
				CLANG_WARN_SUSPICIOUS_MOVE = YES;
				CLANG_WARN_UNGUARDED_AVAILABILITY = YES_AGGRESSIVE;
				CLANG_WARN_UNREACHABLE_CODE = YES;
				CLANG_WARN__DUPLICATE_METHOD_MATCH = YES;
				COPY_PHASE_STRIP = NO;
				DEBUG_INFORMATION_FORMAT = dwarf;
				ENABLE_STRICT_OBJC_MSGSEND = YES;
				ENABLE_TESTABILITY = YES;
				GCC_C_LANGUAGE_STANDARD = gnu11;
				GCC_DYNAMIC_NO_PIC = NO;
				GCC_NO_COMMON_BLOCKS = YES;
				GCC_OPTIMIZATION_LEVEL = 0;
				GCC_PREPROCESSOR_DEFINITIONS = (
					"DEBUG=1",
					"$(inherited)",
				);
				GCC_WARN_64_TO_32_BIT_CONVERSION = YES;
				GCC_WARN_ABOUT_RETURN_TYPE = YES_ERROR;
				GCC_WARN_UNDECLARED_SELECTOR = YES;
				GCC_WARN_UNINITIALIZED_AUTOS = YES_AGGRESSIVE;
				GCC_WARN_UNUSED_FUNCTION = YES;
				GCC_WARN_UNUSED_VARIABLE = YES;
				IPHONEOS_DEPLOYMENT_TARGET = 16.4;
				MTL_ENABLE_DEBUG_INFO = INCLUDE_SOURCE;
				MTL_FAST_MATH = YES;
				ONLY_ACTIVE_ARCH = YES;
				SDKROOT = iphoneos;
				SWIFT_ACTIVE_COMPILATION_CONDITIONS = DEBUG;
				SWIFT_OPTIMIZATION_LEVEL = "-Onone";
			};
			name = Debug;
		};
		FE71A1352AAAA79A00D9D4BC /* Release */ = {
			isa = XCBuildConfiguration;
			buildSettings = {
				ALWAYS_SEARCH_USER_PATHS = NO;
				CLANG_ANALYZER_NONNULL = YES;
				CLANG_ANALYZER_NUMBER_OBJECT_CONVERSION = YES_AGGRESSIVE;
				CLANG_CXX_LANGUAGE_STANDARD = "gnu++20";
				CLANG_ENABLE_MODULES = YES;
				CLANG_ENABLE_OBJC_ARC = YES;
				CLANG_ENABLE_OBJC_WEAK = YES;
				CLANG_WARN_BLOCK_CAPTURE_AUTORELEASING = YES;
				CLANG_WARN_BOOL_CONVERSION = YES;
				CLANG_WARN_COMMA = YES;
				CLANG_WARN_CONSTANT_CONVERSION = YES;
				CLANG_WARN_DEPRECATED_OBJC_IMPLEMENTATIONS = YES;
				CLANG_WARN_DIRECT_OBJC_ISA_USAGE = YES_ERROR;
				CLANG_WARN_DOCUMENTATION_COMMENTS = YES;
				CLANG_WARN_EMPTY_BODY = YES;
				CLANG_WARN_ENUM_CONVERSION = YES;
				CLANG_WARN_INFINITE_RECURSION = YES;
				CLANG_WARN_INT_CONVERSION = YES;
				CLANG_WARN_NON_LITERAL_NULL_CONVERSION = YES;
				CLANG_WARN_OBJC_IMPLICIT_RETAIN_SELF = YES;
				CLANG_WARN_OBJC_LITERAL_CONVERSION = YES;
				CLANG_WARN_OBJC_ROOT_CLASS = YES_ERROR;
				CLANG_WARN_QUOTED_INCLUDE_IN_FRAMEWORK_HEADER = YES;
				CLANG_WARN_RANGE_LOOP_ANALYSIS = YES;
				CLANG_WARN_STRICT_PROTOTYPES = YES;
				CLANG_WARN_SUSPICIOUS_MOVE = YES;
				CLANG_WARN_UNGUARDED_AVAILABILITY = YES_AGGRESSIVE;
				CLANG_WARN_UNREACHABLE_CODE = YES;
				CLANG_WARN__DUPLICATE_METHOD_MATCH = YES;
				COPY_PHASE_STRIP = NO;
				DEBUG_INFORMATION_FORMAT = "dwarf-with-dsym";
				ENABLE_NS_ASSERTIONS = NO;
				ENABLE_STRICT_OBJC_MSGSEND = YES;
				GCC_C_LANGUAGE_STANDARD = gnu11;
				GCC_NO_COMMON_BLOCKS = YES;
				GCC_WARN_64_TO_32_BIT_CONVERSION = YES;
				GCC_WARN_ABOUT_RETURN_TYPE = YES_ERROR;
				GCC_WARN_UNDECLARED_SELECTOR = YES;
				GCC_WARN_UNINITIALIZED_AUTOS = YES_AGGRESSIVE;
				GCC_WARN_UNUSED_FUNCTION = YES;
				GCC_WARN_UNUSED_VARIABLE = YES;
				IPHONEOS_DEPLOYMENT_TARGET = 16.4;
				MTL_ENABLE_DEBUG_INFO = NO;
				MTL_FAST_MATH = YES;
				SDKROOT = iphoneos;
				SWIFT_COMPILATION_MODE = wholemodule;
				SWIFT_OPTIMIZATION_LEVEL = "-O";
				VALIDATE_PRODUCT = YES;
			};
			name = Release;
		};
		FE71A1372AAAA79A00D9D4BC /* Debug */ = {
			isa = XCBuildConfiguration;
			buildSettings = {
				ASSETCATALOG_COMPILER_APPICON_NAME = AppIcon;
				ASSETCATALOG_COMPILER_GLOBAL_ACCENT_COLOR_NAME = AccentColor;
				CODE_SIGN_STYLE = Automatic;
				CURRENT_PROJECT_VERSION = 1;
				DEVELOPMENT_ASSET_PATHS = "\"RickAndMorty/Preview Content\"";
				DEVELOPMENT_TEAM = NT7J23RCPK;
				ENABLE_PREVIEWS = YES;
				GENERATE_INFOPLIST_FILE = YES;
				INFOPLIST_KEY_UIApplicationSceneManifest_Generation = YES;
				INFOPLIST_KEY_UIApplicationSupportsIndirectInputEvents = YES;
				INFOPLIST_KEY_UILaunchScreen_Generation = YES;
				INFOPLIST_KEY_UISupportedInterfaceOrientations_iPad = "UIInterfaceOrientationPortrait UIInterfaceOrientationPortraitUpsideDown UIInterfaceOrientationLandscapeLeft UIInterfaceOrientationLandscapeRight";
				INFOPLIST_KEY_UISupportedInterfaceOrientations_iPhone = "UIInterfaceOrientationPortrait UIInterfaceOrientationLandscapeLeft UIInterfaceOrientationLandscapeRight";
				LD_RUNPATH_SEARCH_PATHS = (
					"$(inherited)",
					"@executable_path/Frameworks",
				);
				MARKETING_VERSION = 1.0;
				PRODUCT_BUNDLE_IDENTIFIER = com.manuelalvarez.RickAndMorty;
				PRODUCT_NAME = "$(TARGET_NAME)";
				SWIFT_EMIT_LOC_STRINGS = YES;
				SWIFT_VERSION = 5.0;
				TARGETED_DEVICE_FAMILY = "1,2";
			};
			name = Debug;
		};
		FE71A1382AAAA79A00D9D4BC /* Release */ = {
			isa = XCBuildConfiguration;
			buildSettings = {
				ASSETCATALOG_COMPILER_APPICON_NAME = AppIcon;
				ASSETCATALOG_COMPILER_GLOBAL_ACCENT_COLOR_NAME = AccentColor;
				CODE_SIGN_STYLE = Automatic;
				CURRENT_PROJECT_VERSION = 1;
				DEVELOPMENT_ASSET_PATHS = "\"RickAndMorty/Preview Content\"";
				DEVELOPMENT_TEAM = NT7J23RCPK;
				ENABLE_PREVIEWS = YES;
				GENERATE_INFOPLIST_FILE = YES;
				INFOPLIST_KEY_UIApplicationSceneManifest_Generation = YES;
				INFOPLIST_KEY_UIApplicationSupportsIndirectInputEvents = YES;
				INFOPLIST_KEY_UILaunchScreen_Generation = YES;
				INFOPLIST_KEY_UISupportedInterfaceOrientations_iPad = "UIInterfaceOrientationPortrait UIInterfaceOrientationPortraitUpsideDown UIInterfaceOrientationLandscapeLeft UIInterfaceOrientationLandscapeRight";
				INFOPLIST_KEY_UISupportedInterfaceOrientations_iPhone = "UIInterfaceOrientationPortrait UIInterfaceOrientationLandscapeLeft UIInterfaceOrientationLandscapeRight";
				LD_RUNPATH_SEARCH_PATHS = (
					"$(inherited)",
					"@executable_path/Frameworks",
				);
				MARKETING_VERSION = 1.0;
				PRODUCT_BUNDLE_IDENTIFIER = com.manuelalvarez.RickAndMorty;
				PRODUCT_NAME = "$(TARGET_NAME)";
				SWIFT_EMIT_LOC_STRINGS = YES;
				SWIFT_VERSION = 5.0;
				TARGETED_DEVICE_FAMILY = "1,2";
			};
			name = Release;
		};
		FE71A13A2AAAA79A00D9D4BC /* Debug */ = {
			isa = XCBuildConfiguration;
			buildSettings = {
				ALWAYS_EMBED_SWIFT_STANDARD_LIBRARIES = YES;
				BUNDLE_LOADER = "$(TEST_HOST)";
				CODE_SIGN_STYLE = Automatic;
				CURRENT_PROJECT_VERSION = 1;
				DEVELOPMENT_TEAM = NT7J23RCPK;
				GENERATE_INFOPLIST_FILE = YES;
				IPHONEOS_DEPLOYMENT_TARGET = 16.4;
				MARKETING_VERSION = 1.0;
				PRODUCT_BUNDLE_IDENTIFIER = com.manuelalvarez.RickAndMortyTests;
				PRODUCT_NAME = "$(TARGET_NAME)";
				SWIFT_EMIT_LOC_STRINGS = NO;
				SWIFT_VERSION = 5.0;
				TARGETED_DEVICE_FAMILY = "1,2";
				TEST_HOST = "$(BUILT_PRODUCTS_DIR)/RickAndMorty.app/$(BUNDLE_EXECUTABLE_FOLDER_PATH)/RickAndMorty";
			};
			name = Debug;
		};
		FE71A13B2AAAA79A00D9D4BC /* Release */ = {
			isa = XCBuildConfiguration;
			buildSettings = {
				ALWAYS_EMBED_SWIFT_STANDARD_LIBRARIES = YES;
				BUNDLE_LOADER = "$(TEST_HOST)";
				CODE_SIGN_STYLE = Automatic;
				CURRENT_PROJECT_VERSION = 1;
				DEVELOPMENT_TEAM = NT7J23RCPK;
				GENERATE_INFOPLIST_FILE = YES;
				IPHONEOS_DEPLOYMENT_TARGET = 16.4;
				MARKETING_VERSION = 1.0;
				PRODUCT_BUNDLE_IDENTIFIER = com.manuelalvarez.RickAndMortyTests;
				PRODUCT_NAME = "$(TARGET_NAME)";
				SWIFT_EMIT_LOC_STRINGS = NO;
				SWIFT_VERSION = 5.0;
				TARGETED_DEVICE_FAMILY = "1,2";
				TEST_HOST = "$(BUILT_PRODUCTS_DIR)/RickAndMorty.app/$(BUNDLE_EXECUTABLE_FOLDER_PATH)/RickAndMorty";
			};
			name = Release;
		};
		FE71A13D2AAAA79A00D9D4BC /* Debug */ = {
			isa = XCBuildConfiguration;
			buildSettings = {
				ALWAYS_EMBED_SWIFT_STANDARD_LIBRARIES = YES;
				CODE_SIGN_STYLE = Automatic;
				CURRENT_PROJECT_VERSION = 1;
				DEVELOPMENT_TEAM = NT7J23RCPK;
				GENERATE_INFOPLIST_FILE = YES;
				MARKETING_VERSION = 1.0;
				PRODUCT_BUNDLE_IDENTIFIER = com.manuelalvarez.RickAndMortyUITests;
				PRODUCT_NAME = "$(TARGET_NAME)";
				SWIFT_EMIT_LOC_STRINGS = NO;
				SWIFT_VERSION = 5.0;
				TARGETED_DEVICE_FAMILY = "1,2";
				TEST_TARGET_NAME = RickAndMorty;
			};
			name = Debug;
		};
		FE71A13E2AAAA79A00D9D4BC /* Release */ = {
			isa = XCBuildConfiguration;
			buildSettings = {
				ALWAYS_EMBED_SWIFT_STANDARD_LIBRARIES = YES;
				CODE_SIGN_STYLE = Automatic;
				CURRENT_PROJECT_VERSION = 1;
				DEVELOPMENT_TEAM = NT7J23RCPK;
				GENERATE_INFOPLIST_FILE = YES;
				MARKETING_VERSION = 1.0;
				PRODUCT_BUNDLE_IDENTIFIER = com.manuelalvarez.RickAndMortyUITests;
				PRODUCT_NAME = "$(TARGET_NAME)";
				SWIFT_EMIT_LOC_STRINGS = NO;
				SWIFT_VERSION = 5.0;
				TARGETED_DEVICE_FAMILY = "1,2";
				TEST_TARGET_NAME = RickAndMorty;
			};
			name = Release;
		};
/* End XCBuildConfiguration section */

/* Begin XCConfigurationList section */
		FE71A1082AAAA79900D9D4BC /* Build configuration list for PBXProject "RickAndMorty" */ = {
			isa = XCConfigurationList;
			buildConfigurations = (
				FE71A1342AAAA79A00D9D4BC /* Debug */,
				FE71A1352AAAA79A00D9D4BC /* Release */,
			);
			defaultConfigurationIsVisible = 0;
			defaultConfigurationName = Release;
		};
		FE71A1362AAAA79A00D9D4BC /* Build configuration list for PBXNativeTarget "RickAndMorty" */ = {
			isa = XCConfigurationList;
			buildConfigurations = (
				FE71A1372AAAA79A00D9D4BC /* Debug */,
				FE71A1382AAAA79A00D9D4BC /* Release */,
			);
			defaultConfigurationIsVisible = 0;
			defaultConfigurationName = Release;
		};
		FE71A1392AAAA79A00D9D4BC /* Build configuration list for PBXNativeTarget "RickAndMortyTests" */ = {
			isa = XCConfigurationList;
			buildConfigurations = (
				FE71A13A2AAAA79A00D9D4BC /* Debug */,
				FE71A13B2AAAA79A00D9D4BC /* Release */,
			);
			defaultConfigurationIsVisible = 0;
			defaultConfigurationName = Release;
		};
		FE71A13C2AAAA79A00D9D4BC /* Build configuration list for PBXNativeTarget "RickAndMortyUITests" */ = {
			isa = XCConfigurationList;
			buildConfigurations = (
				FE71A13D2AAAA79A00D9D4BC /* Debug */,
				FE71A13E2AAAA79A00D9D4BC /* Release */,
			);
			defaultConfigurationIsVisible = 0;
			defaultConfigurationName = Release;
		};
/* End XCConfigurationList section */

/* Begin XCRemoteSwiftPackageReference section */
		FE71A13F2AAAAA1A00D9D4BC /* XCRemoteSwiftPackageReference "lottie-spm" */ = {
			isa = XCRemoteSwiftPackageReference;
			repositoryURL = "https://github.com/airbnb/lottie-spm.git";
			requirement = {
				kind = upToNextMajorVersion;
				minimumVersion = 4.2.0;
			};
		};
		FE71A1422AAAAA5000D9D4BC /* XCRemoteSwiftPackageReference "SDWebImageSwiftUI" */ = {
			isa = XCRemoteSwiftPackageReference;
			repositoryURL = "https://github.com/SDWebImage/SDWebImageSwiftUI.git";
			requirement = {
				kind = upToNextMajorVersion;
				minimumVersion = 2.0.0;
			};
		};
		FEC909E02AAE78780043A455 /* XCRemoteSwiftPackageReference "swift-snapshot-testing" */ = {
			isa = XCRemoteSwiftPackageReference;
			repositoryURL = "https://github.com/pointfreeco/swift-snapshot-testing";
			requirement = {
				kind = upToNextMajorVersion;
				minimumVersion = 1.0.0;
			};
		};
/* End XCRemoteSwiftPackageReference section */

/* Begin XCSwiftPackageProductDependency section */
		FE71A1402AAAAA1A00D9D4BC /* Lottie */ = {
			isa = XCSwiftPackageProductDependency;
			package = FE71A13F2AAAAA1A00D9D4BC /* XCRemoteSwiftPackageReference "lottie-spm" */;
			productName = Lottie;
		};
		FE71A1432AAAAA5000D9D4BC /* SDWebImageSwiftUI */ = {
			isa = XCSwiftPackageProductDependency;
			package = FE71A1422AAAAA5000D9D4BC /* XCRemoteSwiftPackageReference "SDWebImageSwiftUI" */;
			productName = SDWebImageSwiftUI;
		};
		FEC39A982AAAB199002677FA /* SDWebImageSwiftUI */ = {
			isa = XCSwiftPackageProductDependency;
			package = FE71A1422AAAAA5000D9D4BC /* XCRemoteSwiftPackageReference "SDWebImageSwiftUI" */;
			productName = SDWebImageSwiftUI;
		};
		FEC909E12AAE78780043A455 /* SnapshotTesting */ = {
			isa = XCSwiftPackageProductDependency;
			package = FEC909E02AAE78780043A455 /* XCRemoteSwiftPackageReference "swift-snapshot-testing" */;
			productName = SnapshotTesting;
		};
/* End XCSwiftPackageProductDependency section */

/* Begin XCVersionGroup section */
		FE71A11B2AAAA79A00D9D4BC /* RickAndMorty.xcdatamodeld */ = {
			isa = XCVersionGroup;
			children = (
				FE71A11C2AAAA79A00D9D4BC /* RickAndMorty.xcdatamodel */,
			);
			currentVersion = FE71A11C2AAAA79A00D9D4BC /* RickAndMorty.xcdatamodel */;
			path = RickAndMorty.xcdatamodeld;
			sourceTree = "<group>";
			versionGroupType = wrapper.xcdatamodel;
		};
/* End XCVersionGroup section */
	};
	rootObject = FE71A1052AAAA79900D9D4BC /* Project object */;
}
